# THIS IS AN AUTOGENERATED FILE. DO NOT EDIT THIS FILE DIRECTLY.
# yarn lockfile v1


vant-weapp@^0.4.10:
  version "0.4.10"
  resolved "https://registry.yarnpkg.com/vant-weapp/-/vant-weapp-0.4.10.tgz#df2b41925817bbb97a367ab6ed90ba442ae39235"
  integrity sha512-OYMXIEe95nbgqYrPMNDtGqgIC9z8xDf7usy+4so0fzNvvXZqYvhzPrm8b04HwbNS/BihXDDLxEb01cm5vLu51w==
